
Microsoft Visual Studio Solution File, Format Version 12.00
# Visual Studio 15
VisualStudioVersion = 15.0.28010.2048
MinimumVisualStudioVersion = 10.0.40219.1
Project("{FAE04EC0-301F-11D3-BF4B-00C04F79EFBC}") = "Anonymiser", "Anonymiser\Anonymiser.csproj", "{67F7323C-68FB-4A93-83F3-9050150ADD26}"
EndProject
Global
	GlobalSection(SolutionConfigurationPlatforms) = preSolution
		Debug|Any CPU = Debug|Any CPU
		Release|Any CPU = Release|Any CPU
	EndGlobalSection
	GlobalSection(ProjectConfigurationPlatforms) = postSolution
		{67F7323C-68FB-4A93-83F3-9050150ADD26}.Debug|Any CPU.ActiveCfg = Debug|Any CPU
		{67F7323C-68FB-4A93-83F3-9050150ADD26}.Debug|Any CPU.Build.0 = Debug|Any CPU
		{67F7323C-68FB-4A93-83F3-9050150ADD26}.Release|Any CPU.ActiveCfg = Release|Any CPU
		{67F7323C-68FB-4A93-83F3-9050150ADD26}.Release|Any CPU.Build.0 = Release|Any CPU
	EndGlobalSection
	GlobalSection(SolutionProperties) = preSolution
		HideSolutionNode = FALSE
	EndGlobalSection
	GlobalSection(ExtensibilityGlobals) = postSolution
		SolutionGuid = {8D925510-472C-44A9-B230-D2A1FBE9F436}
	EndGlobalSection
EndGlobal
